
Microsoft Visual Studio Solution File, Format Version 12.00
# Visual Studio Version 16
VisualStudioVersion = 16.0.30204.135
MinimumVisualStudioVersion = 10.0.40219.1
Project("{FAE04EC0-301F-11D3-BF4B-00C04F79EFBC}") = "WindowsFormsAppUsingRadiobuttons", "WindowsFormsAppUsingRadiobuttons.csproj", "{70984191-7616-4D5B-A416-F900C8B0434A}"
EndProject
Global
	GlobalSection(SolutionConfigurationPlatforms) = preSolution
		Debug|Any CPU = Debug|Any CPU
		Release|Any CPU = Release|Any CPU
	EndGlobalSection
	GlobalSection(ProjectConfigurationPlatforms) = postSolution
		{70984191-7616-4D5B-A416-F900C8B0434A}.Debug|Any CPU.ActiveCfg = Debug|Any CPU
		{70984191-7616-4D5B-A416-F900C8B0434A}.Debug|Any CPU.Build.0 = Debug|Any CPU
		{70984191-7616-4D5B-A416-F900C8B0434A}.Release|Any CPU.ActiveCfg = Release|Any CPU
		{70984191-7616-4D5B-A416-F900C8B0434A}.Release|Any CPU.Build.0 = Release|Any CPU
	EndGlobalSection
	GlobalSection(SolutionProperties) = preSolution
		HideSolutionNode = FALSE
	EndGlobalSection
	GlobalSection(ExtensibilityGlobals) = postSolution
		SolutionGuid = {55DD4550-8385-4D5B-8D8D-9052E98DD011}
	EndGlobalSection
EndGlobal
