
Microsoft Visual Studio Solution File, Format Version 12.00
# Visual Studio Version 16
VisualStudioVersion = 16.0.30204.135
MinimumVisualStudioVersion = 10.0.40219.1
Project("{FAE04EC0-301F-11D3-BF4B-00C04F79EFBC}") = "WindowsFormsLsn1", "WindowsFormsLsn1.csproj", "{B9980507-1F0B-4286-B5D2-EEB3B48560CA}"
EndProject
Global
	GlobalSection(SolutionConfigurationPlatforms) = preSolution
		Debug|Any CPU = Debug|Any CPU
		Release|Any CPU = Release|Any CPU
	EndGlobalSection
	GlobalSection(ProjectConfigurationPlatforms) = postSolution
		{B9980507-1F0B-4286-B5D2-EEB3B48560CA}.Debug|Any CPU.ActiveCfg = Debug|Any CPU
		{B9980507-1F0B-4286-B5D2-EEB3B48560CA}.Debug|Any CPU.Build.0 = Debug|Any CPU
		{B9980507-1F0B-4286-B5D2-EEB3B48560CA}.Release|Any CPU.ActiveCfg = Release|Any CPU
		{B9980507-1F0B-4286-B5D2-EEB3B48560CA}.Release|Any CPU.Build.0 = Release|Any CPU
	EndGlobalSection
	GlobalSection(SolutionProperties) = preSolution
		HideSolutionNode = FALSE
	EndGlobalSection
	GlobalSection(ExtensibilityGlobals) = postSolution
		SolutionGuid = {B29484D4-987D-44E3-BEA6-B0B9C35FDFBB}
	EndGlobalSection
EndGlobal
