
Microsoft Visual Studio Solution File, Format Version 12.00
# Visual Studio Version 16
VisualStudioVersion = 16.0.30204.135
MinimumVisualStudioVersion = 10.0.40219.1
Project("{FAE04EC0-301F-11D3-BF4B-00C04F79EFBC}") = "WindowsFormsAppMenu", "WindowsFormsAppMenu.csproj", "{D418E4BD-26CA-4ED5-B384-3E2B5C8DD58D}"
EndProject
Global
	GlobalSection(SolutionConfigurationPlatforms) = preSolution
		Debug|Any CPU = Debug|Any CPU
		Release|Any CPU = Release|Any CPU
	EndGlobalSection
	GlobalSection(ProjectConfigurationPlatforms) = postSolution
		{D418E4BD-26CA-4ED5-B384-3E2B5C8DD58D}.Debug|Any CPU.ActiveCfg = Debug|Any CPU
		{D418E4BD-26CA-4ED5-B384-3E2B5C8DD58D}.Debug|Any CPU.Build.0 = Debug|Any CPU
		{D418E4BD-26CA-4ED5-B384-3E2B5C8DD58D}.Release|Any CPU.ActiveCfg = Release|Any CPU
		{D418E4BD-26CA-4ED5-B384-3E2B5C8DD58D}.Release|Any CPU.Build.0 = Release|Any CPU
	EndGlobalSection
	GlobalSection(SolutionProperties) = preSolution
		HideSolutionNode = FALSE
	EndGlobalSection
	GlobalSection(ExtensibilityGlobals) = postSolution
		SolutionGuid = {3ACC6CC8-CCB2-43DC-BE7E-B62C05CCA537}
	EndGlobalSection
EndGlobal
