
Microsoft Visual Studio Solution File, Format Version 12.00
# Visual Studio Version 16
VisualStudioVersion = 16.0.30204.135
MinimumVisualStudioVersion = 10.0.40219.1
Project("{FAE04EC0-301F-11D3-BF4B-00C04F79EFBC}") = "WindowsFormsLsn3", "WindowsFormsLsn3.csproj", "{51C4DAB7-9812-4F58-BBF3-AF3DA643B707}"
EndProject
Global
	GlobalSection(SolutionConfigurationPlatforms) = preSolution
		Debug|Any CPU = Debug|Any CPU
		Release|Any CPU = Release|Any CPU
	EndGlobalSection
	GlobalSection(ProjectConfigurationPlatforms) = postSolution
		{51C4DAB7-9812-4F58-BBF3-AF3DA643B707}.Debug|Any CPU.ActiveCfg = Debug|Any CPU
		{51C4DAB7-9812-4F58-BBF3-AF3DA643B707}.Debug|Any CPU.Build.0 = Debug|Any CPU
		{51C4DAB7-9812-4F58-BBF3-AF3DA643B707}.Release|Any CPU.ActiveCfg = Release|Any CPU
		{51C4DAB7-9812-4F58-BBF3-AF3DA643B707}.Release|Any CPU.Build.0 = Release|Any CPU
	EndGlobalSection
	GlobalSection(SolutionProperties) = preSolution
		HideSolutionNode = FALSE
	EndGlobalSection
	GlobalSection(ExtensibilityGlobals) = postSolution
		SolutionGuid = {8B4B615E-E703-436C-B28F-6281D0A3CA2F}
	EndGlobalSection
EndGlobal
